<?xml version="1.0" encoding="utf-8"?>
<Project ToolsVersion="4.0" xmlns="http://schemas.microsoft.com/developer/msbuild/2003">
  <ItemGroup>
    <Filter Include="Source Files">
      <UniqueIdentifier>{4FC737F1-C7A5-4376-A066-2A32D752A2FF}</UniqueIdentifier>
      <Extensions>cpp;c;cc;cxx;def;odl;idl;hpj;bat;asm;asmx</Extensions>
    </Filter>
    <Filter Include="Header Files">
      <UniqueIdentifier>{93995380-89BD-4b04-88EB-625FBE52EBFB}</UniqueIdentifier>
      <Extensions>h;hh;hpp;hxx;hm;inl;inc;xsd</Extensions>
    </Filter>
    <Filter Include="Resource Files">
      <UniqueIdentifier>{67DA6AB6-F800-4c08-8B7A-83BB121AAD01}</UniqueIdentifier>
      <Extensions>rc;ico;cur;bmp;dlg;rc2;rct;bin;rgs;gif;jpg;jpeg;jpe;resx;tiff;tif;png;wav;mfcribbon-ms</Extensions>
    </Filter>
    <Filter Include="Header Files\Lines and Planes">
      <UniqueIdentifier>{8a38b973-fbc1-4398-a2bc-22f1e4edf515}</UniqueIdentifier>
    </Filter>
    <Filter Include="Header Files\Containers">
      <UniqueIdentifier>{76a56280-c29f-4af2-a757-0cfc590625c0}</UniqueIdentifier>
    </Filter>
    <Filter Include="Header Files\Vectors">
      <UniqueIdentifier>{5af9ec36-9eb0-4ddb-a0c3-e7b56cb19fcf}</UniqueIdentifier>
    </Filter>
    <Filter Include="Header Files\Misc">
      <UniqueIdentifier>{2b1ef57b-52ac-45af-a35d-aeca0be35ead}</UniqueIdentifier>
    </Filter>
    <Filter Include="Header Files\Debug">
      <UniqueIdentifier>{c30cdc97-4654-4399-ab9b-2361af8b8827}</UniqueIdentifier>
    </Filter>
    <Filter Include="Header Files\Matrix">
      <UniqueIdentifier>{4df3e8c1-e281-4f00-a32f-0b09460bffe0}</UniqueIdentifier>
    </Filter>
  </ItemGroup>
  <ItemGroup>
    <ClCompile Include="CU\InputManager.cpp">
      <Filter>Source Files</Filter>
    </ClCompile>
    <ClCompile Include="CU\Timer.cpp">
      <Filter>Source Files</Filter>
    </ClCompile>
    <ClCompile Include="CU\DL_Debug.cpp">
      <Filter>Source Files</Filter>
    </ClCompile>
    <ClCompile Include="CU\DL_StackWalker.cpp">
      <Filter>Source Files</Filter>
    </ClCompile>
    <ClCompile Include="CU\StackWalker\StackWalker.cpp">
      <Filter>Source Files</Filter>
    </ClCompile>
  </ItemGroup>
  <ItemGroup>
    <ClInclude Include="CU\InputManager.h">
      <Filter>Header Files</Filter>
    </ClInclude>
    <ClInclude Include="CU\Math.h">
      <Filter>Header Files</Filter>
    </ClInclude>
    <ClInclude Include="CU\Timer.h">
      <Filter>Header Files</Filter>
    </ClInclude>
    <ClInclude Include="CU\LineVolume.h">
      <Filter>Header Files\Lines and Planes</Filter>
    </ClInclude>
    <ClInclude Include="CU\Line.h">
      <Filter>Header Files\Lines and Planes</Filter>
    </ClInclude>
    <ClInclude Include="CU\Plane.h">
      <Filter>Header Files\Lines and Planes</Filter>
    </ClInclude>
    <ClInclude Include="CU\PlaneVolume.h">
      <Filter>Header Files\Lines and Planes</Filter>
    </ClInclude>
    <ClInclude Include="CU\StaticArray.h">
      <Filter>Header Files\Containers</Filter>
    </ClInclude>
    <ClInclude Include="CU\VectorOnStack.h">
      <Filter>Header Files\Containers</Filter>
    </ClInclude>
    <ClInclude Include="CU\Vector4.h">
      <Filter>Header Files\Vectors</Filter>
    </ClInclude>
    <ClInclude Include="CU\Vector.h">
      <Filter>Header Files\Vectors</Filter>
    </ClInclude>
    <ClInclude Include="CU\Vector2.h">
      <Filter>Header Files\Vectors</Filter>
    </ClInclude>
    <ClInclude Include="CU\Vector3.h">
      <Filter>Header Files\Vectors</Filter>
    </ClInclude>
    <ClInclude Include="CU\GrowingArray.h">
      <Filter>Header Files\Containers</Filter>
    </ClInclude>
    <ClInclude Include="CU\Macros.h">
      <Filter>Header Files\Misc</Filter>
    </ClInclude>
    <ClInclude Include="CU\DL_StackWalker.h">
      <Filter>Header Files\Debug</Filter>
    </ClInclude>
    <ClInclude Include="CU\StackWalker\StackWalker.h">
      <Filter>Header Files\Debug</Filter>
    </ClInclude>
    <ClInclude Include="CU\DL_Debug.h">
      <Filter>Header Files\Debug</Filter>
    </ClInclude>
    <ClInclude Include="CU\ContainerMisc.h">
      <Filter>Header Files\Containers</Filter>
    </ClInclude>
    <ClInclude Include="CU\Matrix.h">
      <Filter>Header Files\Matrix</Filter>
    </ClInclude>
    <ClInclude Include="CU\Matrix33.h">
      <Filter>Header Files\Matrix</Filter>
    </ClInclude>
    <ClInclude Include="CU\Matrix44.h">
      <Filter>Header Files\Matrix</Filter>
    </ClInclude>
  </ItemGroup>
</Project>